
Microsoft Visual Studio Solution File, Format Version 12.00
# Visual Studio Version 16
VisualStudioVersion = 16.0.28922.388
MinimumVisualStudioVersion = 10.0.40219.1
Project("{FAE04EC0-301F-11D3-BF4B-00C04F79EFBC}") = "Appuestas", "Appuestas.csproj", "{1A4AEA73-A9B5-425C-90E6-C223555277C2}"
EndProject
Global
	GlobalSection(SolutionConfigurationPlatforms) = preSolution
		Debug|Any CPU = Debug|Any CPU
		Release|Any CPU = Release|Any CPU
	EndGlobalSection
	GlobalSection(ProjectConfigurationPlatforms) = postSolution
		{1A4AEA73-A9B5-425C-90E6-C223555277C2}.Debug|Any CPU.ActiveCfg = Debug|Any CPU
		{1A4AEA73-A9B5-425C-90E6-C223555277C2}.Debug|Any CPU.Build.0 = Debug|Any CPU
		{1A4AEA73-A9B5-425C-90E6-C223555277C2}.Release|Any CPU.ActiveCfg = Release|Any CPU
		{1A4AEA73-A9B5-425C-90E6-C223555277C2}.Release|Any CPU.Build.0 = Release|Any CPU
	EndGlobalSection
	GlobalSection(SolutionProperties) = preSolution
		HideSolutionNode = FALSE
	EndGlobalSection
	GlobalSection(ExtensibilityGlobals) = postSolution
		SolutionGuid = {BBC22720-A28C-4640-A986-1577EE6F9C06}
	EndGlobalSection
EndGlobal
